
Microsoft Visual Studio Solution File, Format Version 12.00
# Visual Studio Version 16
VisualStudioVersion = 16.0.29709.97
MinimumVisualStudioVersion = 10.0.40219.1
Project("{FAE04EC0-301F-11D3-BF4B-00C04F79EFBC}") = "BlogItla", "BlogItla\BlogItla.csproj", "{9A1710BE-8E10-454B-A818-D7A0C1250249}"
EndProject
Global
	GlobalSection(SolutionConfigurationPlatforms) = preSolution
		Debug|Any CPU = Debug|Any CPU
		Release|Any CPU = Release|Any CPU
	EndGlobalSection
	GlobalSection(ProjectConfigurationPlatforms) = postSolution
		{9A1710BE-8E10-454B-A818-D7A0C1250249}.Debug|Any CPU.ActiveCfg = Debug|Any CPU
		{9A1710BE-8E10-454B-A818-D7A0C1250249}.Debug|Any CPU.Build.0 = Debug|Any CPU
		{9A1710BE-8E10-454B-A818-D7A0C1250249}.Release|Any CPU.ActiveCfg = Release|Any CPU
		{9A1710BE-8E10-454B-A818-D7A0C1250249}.Release|Any CPU.Build.0 = Release|Any CPU
	EndGlobalSection
	GlobalSection(SolutionProperties) = preSolution
		HideSolutionNode = FALSE
	EndGlobalSection
	GlobalSection(ExtensibilityGlobals) = postSolution
		SolutionGuid = {18CAE20B-6DBC-4A8F-8D56-D2291BD4B78E}
	EndGlobalSection
EndGlobal
